
Microsoft Visual Studio Solution File, Format Version 12.00
Project("{FAE04EC0-301F-11D3-BF4B-00C04F79EFBC}") = "APBD9_17c", "APBD9_17c\APBD9_17c.csproj", "{DC7EEBA8-2B1D-43A0-8D4D-92F721BD2207}"
EndProject
Global
	GlobalSection(SolutionConfigurationPlatforms) = preSolution
		Debug|Any CPU = Debug|Any CPU
		Release|Any CPU = Release|Any CPU
	EndGlobalSection
	GlobalSection(ProjectConfigurationPlatforms) = postSolution
		{DC7EEBA8-2B1D-43A0-8D4D-92F721BD2207}.Debug|Any CPU.ActiveCfg = Debug|Any CPU
		{DC7EEBA8-2B1D-43A0-8D4D-92F721BD2207}.Debug|Any CPU.Build.0 = Debug|Any CPU
		{DC7EEBA8-2B1D-43A0-8D4D-92F721BD2207}.Release|Any CPU.ActiveCfg = Release|Any CPU
		{DC7EEBA8-2B1D-43A0-8D4D-92F721BD2207}.Release|Any CPU.Build.0 = Release|Any CPU
	EndGlobalSection
EndGlobal
